dependencies:
  espressif/esp_lvgl_port:
    component_hash: 88bbda87376ae20fabfbb5d794ed78d23b3b4a186ecfafecf2edbf06223fd6c9
    dependencies:
    - name: idf
      require: private
      version: '>=5.1'
    - name: lvgl/lvgl
      registry_url: https://components.espressif.com
      require: public
      version: '>=8,<10'
    source:
      registry_url: https://components.espressif.com/
      type: service
    version: 2.7.1
  espressif/lan87xx:
    component_hash: e532dd62590996a64fe76c7906821c6b0816be2c8e31196284f4442027703243
    dependencies:
    - name: idf
      require: private
      version: '>=6.0'
    source:
      registry_url: https://components.espressif.com/
      type: service
    targets:
    - esp32
    - esp32p4
    version: 1.0.0
  idf:
    source:
      type: idf
    version: 6.1.0
  lvgl/lvgl:
    component_hash: 17e68bfd21f0edf4c3ee838e2273da840bf3930e5dbc3bfa6c1190c3aed41f9f
    dependencies: []
    source:
      registry_url: https://components.espressif.com/
      type: service
    version: 9.4.0
direct_dependencies:
- espressif/esp_lvgl_port
- espressif/lan87xx
- idf
- lvgl/lvgl
manifest_hash: af2945471cfc63489f75b4d9f5733a34be0f5776bad0058c56faa66171e3a409
target: esp32
version: 2.0.0
